// !$*UTF8*$!
{
	archiveVersion = 1;
	classes = {
	};
	objectVersion = 50;
	objects = {

/* Begin PBXBuildFile section */
		ED456A6F26463D0F0055FDBF /* AppDelegate.m in Sources */ = {isa = PBXBuildFile; fileRef = ED456A6E26463D0F0055FDBF /* AppDelegate.m */; };
		ED456A7226463D0F0055FDBF /* SceneDelegate.m in Sources */ = {isa = PBXBuildFile; fileRef = ED456A7126463D0F0055FDBF /* SceneDelegate.m */; };
		ED456A7526463D0F0055FDBF /* ViewController.m in Sources */ = {isa = PBXBuildFile; fileRef = ED456A7426463D0F0055FDBF /* ViewController.m */; };
		ED456A7826463D0F0055FDBF /* Main.storyboard in Resources */ = {isa = PBXBuildFile; fileRef = ED456A7626463D0F0055FDBF /* Main.storyboard */; };
		ED456A7A26463D110055FDBF /* Assets.xcassets in Resources */ = {isa = PBXBuildFile; fileRef = ED456A7926463D110055FDBF /* Assets.xcassets */; };
		ED456A7D26463D110055FDBF /* LaunchScreen.storyboard in Resources */ = {isa = PBXBuildFile; fileRef = ED456A7B26463D110055FDBF /* LaunchScreen.storyboard */; };
		ED456A8026463D110055FDBF /* main.m in Sources */ = {isa = PBXBuildFile; fileRef = ED456A7F26463D110055FDBF /* main.m */; };
/* End PBXBuildFile section */

/* Begin PBXFileReference section */
		ED456A6A26463D0F0055FDBF /* TestPhoneConstraint.app */ = {isa = PBXFileReference; explicitFileType = wrapper.application; includeInIndex = 0; path = TestPhoneConstraint.app; sourceTree = BUILT_PRODUCTS_DIR; };
		ED456A6D26463D0F0055FDBF /* AppDelegate.h */ = {isa = PBXFileReference; lastKnownFileType = sourcecode.c.h; path = AppDelegate.h; sourceTree = "<group>"; };
		ED456A6E26463D0F0055FDBF /* AppDelegate.m */ = {isa = PBXFileReference; lastKnownFileType = sourcecode.c.objc; path = AppDelegate.m; sourceTree = "<group>"; };
		ED456A7026463D0F0055FDBF /* SceneDelegate.h */ = {isa = PBXFileReference; lastKnownFileType = sourcecode.c.h; path = SceneDelegate.h; sourceTree = "<group>"; };
		ED456A7126463D0F0055FDBF /* SceneDelegate.m */ = {isa = PBXFileReference; lastKnownFileType = sourcecode.c.objc; path = SceneDelegate.m; sourceTree = "<group>"; };
		ED456A7326463D0F0055FDBF /* ViewController.h */ = {isa = PBXFileReference; lastKnownFileType = sourcecode.c.h; path = ViewController.h; sourceTree = "<group>"; };
		ED456A7426463D0F0055FDBF /* ViewController.m */ = {isa = PBXFileReference; lastKnownFileType = sourcecode.c.objc; path = ViewController.m; sourceTree = "<group>"; };
		ED456A7726463D0F0055FDBF /* Base */ = {isa = PBXFileReference; lastKnownFileType = file.storyboard; name = Base; path = Base.lproj/Main.storyboard; sourceTree = "<group>"; };
		ED456A7926463D110055FDBF /* Assets.xcassets */ = {isa = PBXFileReference; lastKnownFileType = folder.assetcatalog; path = Assets.xcassets; sourceTree = "<group>"; };
		ED456A7C26463D110055FDBF /* Base */ = {isa = PBXFileReference; lastKnownFileType = file.storyboard; name = Base; path = Base.lproj/LaunchScreen.storyboard; sourceTree = "<group>"; };
		ED456A7E26463D110055FDBF /* Info.plist */ = {isa = PBXFileReference; lastKnownFileType = text.plist.xml; path = Info.plist; sourceTree = "<group>"; };
		ED456A7F26463D110055FDBF /* main.m */ = {isa = PBXFileReference; lastKnownFileType = sourcecode.c.objc; path = main.m; sourceTree = "<group>"; };
/* End PBXFileReference section */

/* Begin PBXFrameworksBuildPhase section */
		ED456A6726463D0F0055FDBF /* Frameworks */ = {
			isa = PBXFrameworksBuildPhase;
			buildActionMask = 2147483647;
			files = (
			);
			runOnlyForDeploymentPostprocessing = 0;
		};
/* End PBXFrameworksBuildPhase section */

/* Begin PBXGroup section */
		ED456A6126463D0F0055FDBF = {
			isa = PBXGroup;
			children = (
				ED456A6C26463D0F0055FDBF /* TestPhoneConstraint */,
				ED456A6B26463D0F0055FDBF /* Products */,
			);
			sourceTree = "<group>";
		};
		ED456A6B26463D0F0055FDBF /* Products */ = {
			isa = PBXGroup;
			children = (
				ED456A6A26463D0F0055FDBF /* TestPhoneConstraint.app */,
			);
			name = Products;
			sourceTree = "<group>";
		};
		ED456A6C26463D0F0055FDBF /* TestPhoneConstraint */ = {
			isa = PBXGroup;
			children = (
				ED456A6D26463D0F0055FDBF /* AppDelegate.h */,
				ED456A6E26463D0F0055FDBF /* AppDelegate.m */,
				ED456A7026463D0F0055FDBF /* SceneDelegate.h */,
				ED456A7126463D0F0055FDBF /* SceneDelegate.m */,
				ED456A7326463D0F0055FDBF /* ViewController.h */,
				ED456A7426463D0F0055FDBF /* ViewController.m */,
				ED456A7626463D0F0055FDBF /* Main.storyboard */,
				ED456A7926463D110055FDBF /* Assets.xcassets */,
				ED456A7B26463D110055FDBF /* LaunchScreen.storyboard */,
				ED456A7E26463D110055FDBF /* Info.plist */,
				ED456A7F26463D110055FDBF /* main.m */,
			);
			path = TestPhoneConstraint;
			sourceTree = "<group>";
		};
/* End PBXGroup section */

/* Begin PBXNativeTarget section */
		ED456A6926463D0F0055FDBF /* TestPhoneConstraint */ = {
			isa = PBXNativeTarget;
			buildConfigurationList = ED456A8326463D110055FDBF /* Build configuration list for PBXNativeTarget "TestPhoneConstraint" */;
			buildPhases = (
				ED456A6626463D0F0055FDBF /* Sources */,
				ED456A6726463D0F0055FDBF /* Frameworks */,
				ED456A6826463D0F0055FDBF /* Resources */,
			);
			buildRules = (
			);
			dependencies = (
			);
			name = TestPhoneConstraint;
			productName = TestPhoneConstraint;
			productReference = ED456A6A26463D0F0055FDBF /* TestPhoneConstraint.app */;
			productType = "com.apple.product-type.application";
		};
/* End PBXNativeTarget section */

/* Begin PBXProject section */
		ED456A6226463D0F0055FDBF /* Project object */ = {
			isa = PBXProject;
			attributes = {
				LastUpgradeCheck = 1240;
				TargetAttributes = {
					ED456A6926463D0F0055FDBF = {
						CreatedOnToolsVersion = 12.4;
					};
				};
			};
			buildConfigurationList = ED456A6526463D0F0055FDBF /* Build configuration list for PBXProject "TestPhoneConstraint" */;
			compatibilityVersion = "Xcode 9.3";
			developmentRegion = en;
			hasScannedForEncodings = 0;
			knownRegions = (
				en,
				Base,
			);
			mainGroup = ED456A6126463D0F0055FDBF;
			productRefGroup = ED456A6B26463D0F0055FDBF /* Products */;
			projectDirPath = "";
			projectRoot = "";
			targets = (
				ED456A6926463D0F0055FDBF /* TestPhoneConstraint */,
			);
		};
/* End PBXProject section */

/* Begin PBXResourcesBuildPhase section */
		ED456A6826463D0F0055FDBF /* Resources */ = {
			isa = PBXResourcesBuildPhase;
			buildActionMask = 2147483647;
			files = (
				ED456A7D26463D110055FDBF /* LaunchScreen.storyboard in Resources */,
				ED456A7A26463D110055FDBF /* Assets.xcassets in Resources */,
				ED456A7826463D0F0055FDBF /* Main.storyboard in Resources */,
			);
			runOnlyForDeploymentPostprocessing = 0;
		};
/* End PBXResourcesBuildPhase section */

/* Begin PBXSourcesBuildPhase section */
		ED456A6626463D0F0055FDBF /* Sources */ = {
			isa = PBXSourcesBuildPhase;
			buildActionMask = 2147483647;
			files = (
				ED456A7526463D0F0055FDBF /* ViewController.m in Sources */,
				ED456A6F26463D0F0055FDBF /* AppDelegate.m in Sources */,
				ED456A8026463D110055FDBF /* main.m in Sources */,
				ED456A7226463D0F0055FDBF /* SceneDelegate.m in Sources */,
			);
			runOnlyForDeploymentPostprocessing = 0;
		};
/* End PBXSourcesBuildPhase section */

/* Begin PBXVariantGroup section */
		ED456A7626463D0F0055FDBF /* Main.storyboard */ = {
			isa = PBXVariantGroup;
			children = (
				ED456A7726463D0F0055FDBF /* Base */,
			);
			name = Main.storyboard;
			sourceTree = "<group>";
		};
		ED456A7B26463D110055FDBF /* LaunchScreen.storyboard */ = {
			isa = PBXVariantGroup;
			children = (
				ED456A7C26463D110055FDBF /* Base */,
			);
			name = LaunchScreen.storyboard;
			sourceTree = "<group>";
		};
/* End PBXVariantGroup section */

/* Begin XCBuildConfiguration section */
		ED456A8126463D110055FDBF /* Debug */ = {
			isa = XCBuildConfiguration;
			buildSettings = {
				ALWAYS_SEARCH_USER_PATHS = NO;
				CLANG_ANALYZER_NONNULL = YES;
				CLANG_ANALYZER_NUMBER_OBJECT_CONVERSION = YES_AGGRESSIVE;
				CLANG_CXX_LANGUAGE_STANDARD = "gnu++14";
				CLANG_CXX_LIBRARY = "libc++";
				CLANG_ENABLE_MODULES = YES;
				CLANG_ENABLE_OBJC_ARC = YES;
				CLANG_ENABLE_OBJC_WEAK = YES;
				CLANG_WARN_BLOCK_CAPTURE_AUTORELEASING = YES;
				CLANG_WARN_BOOL_CONVERSION = YES;
				CLANG_WARN_COMMA = YES;
				CLANG_WARN_CONSTANT_CONVERSION = YES;
				CLANG_WARN_DEPRECATED_OBJC_IMPLEMENTATIONS = YES;
				CLANG_WARN_DIRECT_OBJC_ISA_USAGE = YES_ERROR;
				CLANG_WARN_DOCUMENTATION_COMMENTS = YES;
				CLANG_WARN_EMPTY_BODY = YES;
				CLANG_WARN_ENUM_CONVERSION = YES;
				CLANG_WARN_INFINITE_RECURSION = YES;
				CLANG_WARN_INT_CONVERSION = YES;
				CLANG_WARN_NON_LITERAL_NULL_CONVERSION = YES;
				CLANG_WARN_OBJC_IMPLICIT_RETAIN_SELF = YES;
				CLANG_WARN_OBJC_LITERAL_CONVERSION = YES;
				CLANG_WARN_OBJC_ROOT_CLASS = YES_ERROR;
				CLANG_WARN_QUOTED_INCLUDE_IN_FRAMEWORK_HEADER = YES;
				CLANG_WARN_RANGE_LOOP_ANALYSIS = YES;
				CLANG_WARN_STRICT_PROTOTYPES = YES;
				CLANG_WARN_SUSPICIOUS_MOVE = YES;
				CLANG_WARN_UNGUARDED_AVAILABILITY = YES_AGGRESSIVE;
				CLANG_WARN_UNREACHABLE_CODE = YES;
				CLANG_WARN__DUPLICATE_METHOD_MATCH = YES;
				COPY_PHASE_STRIP = NO;
				DEBUG_INFORMATION_FORMAT = dwarf;
				ENABLE_STRICT_OBJC_MSGSEND = YES;
				ENABLE_TESTABILITY = YES;
				GCC_C_LANGUAGE_STANDARD = gnu11;
				GCC_DYNAMIC_NO_PIC = NO;
				GCC_NO_COMMON_BLOCKS = YES;
				GCC_OPTIMIZATION_LEVEL = 0;
				GCC_PREPROCESSOR_DEFINITIONS = (
					"DEBUG=1",
					"$(inherited)",
				);
				GCC_WARN_64_TO_32_BIT_CONVERSION = YES;
				GCC_WARN_ABOUT_RETURN_TYPE = YES_ERROR;
				GCC_WARN_UNDECLARED_SELECTOR = YES;
				GCC_WARN_UNINITIALIZED_AUTOS = YES_AGGRESSIVE;
				GCC_WARN_UNUSED_FUNCTION = YES;
				GCC_WARN_UNUSED_VARIABLE = YES;
				IPHONEOS_DEPLOYMENT_TARGET = 14.4;
				MTL_ENABLE_DEBUG_INFO = INCLUDE_SOURCE;
				MTL_FAST_MATH = YES;
				ONLY_ACTIVE_ARCH = YES;
				SDKROOT = iphoneos;
			};
			name = Debug;
		};
		ED456A8226463D110055FDBF /* Release */ = {
			isa = XCBuildConfiguration;
			buildSettings = {
				ALWAYS_SEARCH_USER_PATHS = NO;
				CLANG_ANALYZER_NONNULL = YES;
				CLANG_ANALYZER_NUMBER_OBJECT_CONVERSION = YES_AGGRESSIVE;
				CLANG_CXX_LANGUAGE_STANDARD = "gnu++14";
				CLANG_CXX_LIBRARY = "libc++";
				CLANG_ENABLE_MODULES = YES;
				CLANG_ENABLE_OBJC_ARC = YES;
				CLANG_ENABLE_OBJC_WEAK = YES;
				CLANG_WARN_BLOCK_CAPTURE_AUTORELEASING = YES;
				CLANG_WARN_BOOL_CONVERSION = YES;
				CLANG_WARN_COMMA = YES;
				CLANG_WARN_CONSTANT_CONVERSION = YES;
				CLANG_WARN_DEPRECATED_OBJC_IMPLEMENTATIONS = YES;
				CLANG_WARN_DIRECT_OBJC_ISA_USAGE = YES_ERROR;
				CLANG_WARN_DOCUMENTATION_COMMENTS = YES;
				CLANG_WARN_EMPTY_BODY = YES;
				CLANG_WARN_ENUM_CONVERSION = YES;
				CLANG_WARN_INFINITE_RECURSION = YES;
				CLANG_WARN_INT_CONVERSION = YES;
				CLANG_WARN_NON_LITERAL_NULL_CONVERSION = YES;
				CLANG_WARN_OBJC_IMPLICIT_RETAIN_SELF = YES;
				CLANG_WARN_OBJC_LITERAL_CONVERSION = YES;
				CLANG_WARN_OBJC_ROOT_CLASS = YES_ERROR;
				CLANG_WARN_QUOTED_INCLUDE_IN_FRAMEWORK_HEADER = YES;
				CLANG_WARN_RANGE_LOOP_ANALYSIS = YES;
				CLANG_WARN_STRICT_PROTOTYPES = YES;
				CLANG_WARN_SUSPICIOUS_MOVE = YES;
				CLANG_WARN_UNGUARDED_AVAILABILITY = YES_AGGRESSIVE;
				CLANG_WARN_UNREACHABLE_CODE = YES;
				CLANG_WARN__DUPLICATE_METHOD_MATCH = YES;
				COPY_PHASE_STRIP = NO;
				DEBUG_INFORMATION_FORMAT = "dwarf-with-dsym";
				ENABLE_NS_ASSERTIONS = NO;
				ENABLE_STRICT_OBJC_MSGSEND = YES;
				GCC_C_LANGUAGE_STANDARD = gnu11;
				GCC_NO_COMMON_BLOCKS = YES;
				GCC_WARN_64_TO_32_BIT_CONVERSION = YES;
				GCC_WARN_ABOUT_RETURN_TYPE = YES_ERROR;
				GCC_WARN_UNDECLARED_SELECTOR = YES;
				GCC_WARN_UNINITIALIZED_AUTOS = YES_AGGRESSIVE;
				GCC_WARN_UNUSED_FUNCTION = YES;
				GCC_WARN_UNUSED_VARIABLE = YES;
				IPHONEOS_DEPLOYMENT_TARGET = 14.4;
				MTL_ENABLE_DEBUG_INFO = NO;
				MTL_FAST_MATH = YES;
				SDKROOT = iphoneos;
				VALIDATE_PRODUCT = YES;
			};
			name = Release;
		};
		ED456A8426463D110055FDBF /* Debug */ = {
			isa = XCBuildConfiguration;
			buildSettings = {
				ASSETCATALOG_COMPILER_APPICON_NAME = AppIcon;
				ASSETCATALOG_COMPILER_GLOBAL_ACCENT_COLOR_NAME = AccentColor;
				CODE_SIGN_STYLE = Automatic;
				INFOPLIST_FILE = TestPhoneConstraint/Info.plist;
				LD_RUNPATH_SEARCH_PATHS = (
					"$(inherited)",
					"@executable_path/Frameworks",
				);
				PRODUCT_BUNDLE_IDENTIFIER = cocos.com.TestPhoneConstraint;
				PRODUCT_NAME = "$(TARGET_NAME)";
				TARGETED_DEVICE_FAMILY = "1,2";
			};
			name = Debug;
		};
		ED456A8526463D110055FDBF /* Release */ = {
			isa = XCBuildConfiguration;
			buildSettings = {
				ASSETCATALOG_COMPILER_APPICON_NAME = AppIcon;
				ASSETCATALOG_COMPILER_GLOBAL_ACCENT_COLOR_NAME = AccentColor;
				CODE_SIGN_STYLE = Automatic;
				INFOPLIST_FILE = TestPhoneConstraint/Info.plist;
				LD_RUNPATH_SEARCH_PATHS = (
					"$(inherited)",
					"@executable_path/Frameworks",
				);
				PRODUCT_BUNDLE_IDENTIFIER = cocos.com.TestPhoneConstraint;
				PRODUCT_NAME = "$(TARGET_NAME)";
				TARGETED_DEVICE_FAMILY = "1,2";
			};
			name = Release;
		};
/* End XCBuildConfiguration section */

/* Begin XCConfigurationList section */
		ED456A6526463D0F0055FDBF /* Build configuration list for PBXProject "TestPhoneConstraint" */ = {
			isa = XCConfigurationList;
			buildConfigurations = (
				ED456A8126463D110055FDBF /* Debug */,
				ED456A8226463D110055FDBF /* Release */,
			);
			defaultConfigurationIsVisible = 0;
			defaultConfigurationName = Release;
		};
		ED456A8326463D110055FDBF /* Build configuration list for PBXNativeTarget "TestPhoneConstraint" */ = {
			isa = XCConfigurationList;
			buildConfigurations = (
				ED456A8426463D110055FDBF /* Debug */,
				ED456A8526463D110055FDBF /* Release */,
			);
			defaultConfigurationIsVisible = 0;
			defaultConfigurationName = Release;
		};
/* End XCConfigurationList section */
	};
	rootObject = ED456A6226463D0F0055FDBF /* Project object */;
}
